
Microsoft Visual Studio Solution File, Format Version 12.00
# Visual Studio 15
VisualStudioVersion = 15.0.28307.329
MinimumVisualStudioVersion = 10.0.40219.1
Project("{FAE04EC0-301F-11D3-BF4B-00C04F79EFBC}") = "C-Coding-Exercises", "C-Coding-Exercises\C-Coding-Exercises.csproj", "{CD99F504-801F-448B-8585-A2FE36ADEED3}"
EndProject
Global
	GlobalSection(SolutionConfigurationPlatforms) = preSolution
		Debug|Any CPU = Debug|Any CPU
		Release|Any CPU = Release|Any CPU
	EndGlobalSection
	GlobalSection(ProjectConfigurationPlatforms) = postSolution
		{CD99F504-801F-448B-8585-A2FE36ADEED3}.Debug|Any CPU.ActiveCfg = Debug|Any CPU
		{CD99F504-801F-448B-8585-A2FE36ADEED3}.Debug|Any CPU.Build.0 = Debug|Any CPU
		{CD99F504-801F-448B-8585-A2FE36ADEED3}.Release|Any CPU.ActiveCfg = Release|Any CPU
		{CD99F504-801F-448B-8585-A2FE36ADEED3}.Release|Any CPU.Build.0 = Release|Any CPU
	EndGlobalSection
	GlobalSection(SolutionProperties) = preSolution
		HideSolutionNode = FALSE
	EndGlobalSection
	GlobalSection(ExtensibilityGlobals) = postSolution
		SolutionGuid = {EF215E72-02D6-4A59-9B2C-BC21BA7344DC}
	EndGlobalSection
EndGlobal
